// !$*UTF8*$!
{
	archiveVersion = 1;
	classes = {
	};
	objectVersion = 46;
	objects = {

/* Begin PBXBuildFile section */
		190E80511E6D87B700F3029F /* AppDelegate.swift in Sources */ = {isa = PBXBuildFile; fileRef = 190E80501E6D87B700F3029F /* AppDelegate.swift */; };
		190E80531E6D87B700F3029F /* ViewController.swift in Sources */ = {isa = PBXBuildFile; fileRef = 190E80521E6D87B700F3029F /* ViewController.swift */; };
		190E80561E6D87B700F3029F /* Main.storyboard in Resources */ = {isa = PBXBuildFile; fileRef = 190E80541E6D87B700F3029F /* Main.storyboard */; };
		190E80581E6D87B700F3029F /* Assets.xcassets in Resources */ = {isa = PBXBuildFile; fileRef = 190E80571E6D87B700F3029F /* Assets.xcassets */; };
		190E805B1E6D87B700F3029F /* LaunchScreen.storyboard in Resources */ = {isa = PBXBuildFile; fileRef = 190E80591E6D87B700F3029F /* LaunchScreen.storyboard */; };
		190E80651E6D894600F3029F /* AlertTableViewCell.swift in Sources */ = {isa = PBXBuildFile; fileRef = 190E80631E6D894600F3029F /* AlertTableViewCell.swift */; };
		190E80661E6D894600F3029F /* AlertTableViewCell.xib in Resources */ = {isa = PBXBuildFile; fileRef = 190E80641E6D894600F3029F /* AlertTableViewCell.xib */; };
		190E80711E6DB8DC00F3029F /* AlertViewController.swift in Sources */ = {isa = PBXBuildFile; fileRef = 190E806F1E6DB8DC00F3029F /* AlertViewController.swift */; };
		190E80721E6DB8DC00F3029F /* AlertViewController.xib in Resources */ = {isa = PBXBuildFile; fileRef = 190E80701E6DB8DC00F3029F /* AlertViewController.xib */; };
		190E80741E6FF3FE00F3029F /* Extensions.swift in Sources */ = {isa = PBXBuildFile; fileRef = 190E80731E6FF3FE00F3029F /* Extensions.swift */; };
/* End PBXBuildFile section */

/* Begin PBXFileReference section */
		190E804D1E6D87B700F3029F /* CustomAlertView.app */ = {isa = PBXFileReference; explicitFileType = wrapper.application; includeInIndex = 0; path = CustomAlertView.app; sourceTree = BUILT_PRODUCTS_DIR; };
		190E80501E6D87B700F3029F /* AppDelegate.swift */ = {isa = PBXFileReference; lastKnownFileType = sourcecode.swift; path = AppDelegate.swift; sourceTree = "<group>"; };
		190E80521E6D87B700F3029F /* ViewController.swift */ = {isa = PBXFileReference; lastKnownFileType = sourcecode.swift; path = ViewController.swift; sourceTree = "<group>"; };
		190E80551E6D87B700F3029F /* Base */ = {isa = PBXFileReference; lastKnownFileType = file.storyboard; name = Base; path = Base.lproj/Main.storyboard; sourceTree = "<group>"; };
		190E80571E6D87B700F3029F /* Assets.xcassets */ = {isa = PBXFileReference; lastKnownFileType = folder.assetcatalog; path = Assets.xcassets; sourceTree = "<group>"; };
		190E805A1E6D87B700F3029F /* Base */ = {isa = PBXFileReference; lastKnownFileType = file.storyboard; name = Base; path = Base.lproj/LaunchScreen.storyboard; sourceTree = "<group>"; };
		190E805C1E6D87B700F3029F /* Info.plist */ = {isa = PBXFileReference; lastKnownFileType = text.plist.xml; path = Info.plist; sourceTree = "<group>"; };
		190E80631E6D894600F3029F /* AlertTableViewCell.swift */ = {isa = PBXFileReference; fileEncoding = 4; lastKnownFileType = sourcecode.swift; path = AlertTableViewCell.swift; sourceTree = "<group>"; };
		190E80641E6D894600F3029F /* AlertTableViewCell.xib */ = {isa = PBXFileReference; fileEncoding = 4; lastKnownFileType = file.xib; path = AlertTableViewCell.xib; sourceTree = "<group>"; };
		190E806F1E6DB8DC00F3029F /* AlertViewController.swift */ = {isa = PBXFileReference; fileEncoding = 4; lastKnownFileType = sourcecode.swift; path = AlertViewController.swift; sourceTree = "<group>"; };
		190E80701E6DB8DC00F3029F /* AlertViewController.xib */ = {isa = PBXFileReference; fileEncoding = 4; lastKnownFileType = file.xib; path = AlertViewController.xib; sourceTree = "<group>"; };
		190E80731E6FF3FE00F3029F /* Extensions.swift */ = {isa = PBXFileReference; fileEncoding = 4; lastKnownFileType = sourcecode.swift; path = Extensions.swift; sourceTree = "<group>"; };
/* End PBXFileReference section */

/* Begin PBXFrameworksBuildPhase section */
		190E804A1E6D87B700F3029F /* Frameworks */ = {
			isa = PBXFrameworksBuildPhase;
			buildActionMask = 2147483647;
			files = (
			);
			runOnlyForDeploymentPostprocessing = 0;
		};
/* End PBXFrameworksBuildPhase section */

/* Begin PBXGroup section */
		190E80441E6D87B700F3029F = {
			isa = PBXGroup;
			children = (
				190E804F1E6D87B700F3029F /* CustomAlertView */,
				190E804E1E6D87B700F3029F /* Products */,
			);
			sourceTree = "<group>";
		};
		190E804E1E6D87B700F3029F /* Products */ = {
			isa = PBXGroup;
			children = (
				190E804D1E6D87B700F3029F /* CustomAlertView.app */,
			);
			name = Products;
			sourceTree = "<group>";
		};
		190E804F1E6D87B700F3029F /* CustomAlertView */ = {
			isa = PBXGroup;
			children = (
				190E80621E6D87E900F3029F /* Supporting Files */,
				190E80521E6D87B700F3029F /* ViewController.swift */,
				190E80541E6D87B700F3029F /* Main.storyboard */,
				190E80631E6D894600F3029F /* AlertTableViewCell.swift */,
				190E80641E6D894600F3029F /* AlertTableViewCell.xib */,
				190E806F1E6DB8DC00F3029F /* AlertViewController.swift */,
				190E80701E6DB8DC00F3029F /* AlertViewController.xib */,
				190E80731E6FF3FE00F3029F /* Extensions.swift */,
			);
			path = CustomAlertView;
			sourceTree = "<group>";
		};
		190E80621E6D87E900F3029F /* Supporting Files */ = {
			isa = PBXGroup;
			children = (
				190E80501E6D87B700F3029F /* AppDelegate.swift */,
				190E80571E6D87B700F3029F /* Assets.xcassets */,
				190E80591E6D87B700F3029F /* LaunchScreen.storyboard */,
				190E805C1E6D87B700F3029F /* Info.plist */,
			);
			name = "Supporting Files";
			sourceTree = "<group>";
		};
/* End PBXGroup section */

/* Begin PBXNativeTarget section */
		190E804C1E6D87B700F3029F /* CustomAlertView */ = {
			isa = PBXNativeTarget;
			buildConfigurationList = 190E805F1E6D87B700F3029F /* Build configuration list for PBXNativeTarget "CustomAlertView" */;
			buildPhases = (
				190E80491E6D87B700F3029F /* Sources */,
				190E804A1E6D87B700F3029F /* Frameworks */,
				190E804B1E6D87B700F3029F /* Resources */,
			);
			buildRules = (
			);
			dependencies = (
			);
			name = CustomAlertView;
			productName = CustomAlertView;
			productReference = 190E804D1E6D87B700F3029F /* CustomAlertView.app */;
			productType = "com.apple.product-type.application";
		};
/* End PBXNativeTarget section */

/* Begin PBXProject section */
		190E80451E6D87B700F3029F /* Project object */ = {
			isa = PBXProject;
			attributes = {
				LastSwiftUpdateCheck = 0820;
				LastUpgradeCheck = 0820;
				ORGANIZATIONNAME = Oryx;
				TargetAttributes = {
					190E804C1E6D87B700F3029F = {
						CreatedOnToolsVersion = 8.2.1;
						DevelopmentTeam = P4JVA28GY3;
						ProvisioningStyle = Automatic;
					};
				};
			};
			buildConfigurationList = 190E80481E6D87B700F3029F /* Build configuration list for PBXProject "CustomAlertView" */;
			compatibilityVersion = "Xcode 3.2";
			developmentRegion = English;
			hasScannedForEncodings = 0;
			knownRegions = (
				en,
				Base,
			);
			mainGroup = 190E80441E6D87B700F3029F;
			productRefGroup = 190E804E1E6D87B700F3029F /* Products */;
			projectDirPath = "";
			projectRoot = "";
			targets = (
				190E804C1E6D87B700F3029F /* CustomAlertView */,
			);
		};
/* End PBXProject section */

/* Begin PBXResourcesBuildPhase section */
		190E804B1E6D87B700F3029F /* Resources */ = {
			isa = PBXResourcesBuildPhase;
			buildActionMask = 2147483647;
			files = (
				190E805B1E6D87B700F3029F /* LaunchScreen.storyboard in Resources */,
				190E80581E6D87B700F3029F /* Assets.xcassets in Resources */,
				190E80661E6D894600F3029F /* AlertTableViewCell.xib in Resources */,
				190E80561E6D87B700F3029F /* Main.storyboard in Resources */,
				190E80721E6DB8DC00F3029F /* AlertViewController.xib in Resources */,
			);
			runOnlyForDeploymentPostprocessing = 0;
		};
/* End PBXResourcesBuildPhase section */

/* Begin PBXSourcesBuildPhase section */
		190E80491E6D87B700F3029F /* Sources */ = {
			isa = PBXSourcesBuildPhase;
			buildActionMask = 2147483647;
			files = (
				190E80741E6FF3FE00F3029F /* Extensions.swift in Sources */,
				190E80651E6D894600F3029F /* AlertTableViewCell.swift in Sources */,
				190E80531E6D87B700F3029F /* ViewController.swift in Sources */,
				190E80711E6DB8DC00F3029F /* AlertViewController.swift in Sources */,
				190E80511E6D87B700F3029F /* AppDelegate.swift in Sources */,
			);
			runOnlyForDeploymentPostprocessing = 0;
		};
/* End PBXSourcesBuildPhase section */

/* Begin PBXVariantGroup section */
		190E80541E6D87B700F3029F /* Main.storyboard */ = {
			isa = PBXVariantGroup;
			children = (
				190E80551E6D87B700F3029F /* Base */,
			);
			name = Main.storyboard;
			sourceTree = "<group>";
		};
		190E80591E6D87B700F3029F /* LaunchScreen.storyboard */ = {
			isa = PBXVariantGroup;
			children = (
				190E805A1E6D87B700F3029F /* Base */,
			);
			name = LaunchScreen.storyboard;
			sourceTree = "<group>";
		};
/* End PBXVariantGroup section */

/* Begin XCBuildConfiguration section */
		190E805D1E6D87B700F3029F /* Debug */ = {
			isa = XCBuildConfiguration;
			buildSettings = {
				ALWAYS_SEARCH_USER_PATHS = NO;
				CLANG_ANALYZER_NONNULL = YES;
				CLANG_CXX_LANGUAGE_STANDARD = "gnu++0x";
				CLANG_CXX_LIBRARY = "libc++";
				CLANG_ENABLE_MODULES = YES;
				CLANG_ENABLE_OBJC_ARC = YES;
				CLANG_WARN_BOOL_CONVERSION = YES;
				CLANG_WARN_CONSTANT_CONVERSION = YES;
				CLANG_WARN_DIRECT_OBJC_ISA_USAGE = YES_ERROR;
				CLANG_WARN_DOCUMENTATION_COMMENTS = YES;
				CLANG_WARN_EMPTY_BODY = YES;
				CLANG_WARN_ENUM_CONVERSION = YES;
				CLANG_WARN_INFINITE_RECURSION = YES;
				CLANG_WARN_INT_CONVERSION = YES;
				CLANG_WARN_OBJC_ROOT_CLASS = YES_ERROR;
				CLANG_WARN_SUSPICIOUS_MOVE = YES;
				CLANG_WARN_UNREACHABLE_CODE = YES;
				CLANG_WARN__DUPLICATE_METHOD_MATCH = YES;
				"CODE_SIGN_IDENTITY[sdk=iphoneos*]" = "iPhone Developer";
				COPY_PHASE_STRIP = NO;
				DEBUG_INFORMATION_FORMAT = dwarf;
				ENABLE_STRICT_OBJC_MSGSEND = YES;
				ENABLE_TESTABILITY = YES;
				GCC_C_LANGUAGE_STANDARD = gnu99;
				GCC_DYNAMIC_NO_PIC = NO;
				GCC_NO_COMMON_BLOCKS = YES;
				GCC_OPTIMIZATION_LEVEL = 0;
				GCC_PREPROCESSOR_DEFINITIONS = (
					"DEBUG=1",
					"$(inherited)",
				);
				GCC_WARN_64_TO_32_BIT_CONVERSION = YES;
				GCC_WARN_ABOUT_RETURN_TYPE = YES_ERROR;
				GCC_WARN_UNDECLARED_SELECTOR = YES;
				GCC_WARN_UNINITIALIZED_AUTOS = YES_AGGRESSIVE;
				GCC_WARN_UNUSED_FUNCTION = YES;
				GCC_WARN_UNUSED_VARIABLE = YES;
				IPHONEOS_DEPLOYMENT_TARGET = 10.2;
				MTL_ENABLE_DEBUG_INFO = YES;
				ONLY_ACTIVE_ARCH = YES;
				SDKROOT = iphoneos;
				SWIFT_ACTIVE_COMPILATION_CONDITIONS = DEBUG;
				SWIFT_OPTIMIZATION_LEVEL = "-Onone";
			};
			name = Debug;
		};
		190E805E1E6D87B700F3029F /* Release */ = {
			isa = XCBuildConfiguration;
			buildSettings = {
				ALWAYS_SEARCH_USER_PATHS = NO;
				CLANG_ANALYZER_NONNULL = YES;
				CLANG_CXX_LANGUAGE_STANDARD = "gnu++0x";
				CLANG_CXX_LIBRARY = "libc++";
				CLANG_ENABLE_MODULES = YES;
				CLANG_ENABLE_OBJC_ARC = YES;
				CLANG_WARN_BOOL_CONVERSION = YES;
				CLANG_WARN_CONSTANT_CONVERSION = YES;
				CLANG_WARN_DIRECT_OBJC_ISA_USAGE = YES_ERROR;
				CLANG_WARN_DOCUMENTATION_COMMENTS = YES;
				CLANG_WARN_EMPTY_BODY = YES;
				CLANG_WARN_ENUM_CONVERSION = YES;
				CLANG_WARN_INFINITE_RECURSION = YES;
				CLANG_WARN_INT_CONVERSION = YES;
				CLANG_WARN_OBJC_ROOT_CLASS = YES_ERROR;
				CLANG_WARN_SUSPICIOUS_MOVE = YES;
				CLANG_WARN_UNREACHABLE_CODE = YES;
				CLANG_WARN__DUPLICATE_METHOD_MATCH = YES;
				"CODE_SIGN_IDENTITY[sdk=iphoneos*]" = "iPhone Developer";
				COPY_PHASE_STRIP = NO;
				DEBUG_INFORMATION_FORMAT = "dwarf-with-dsym";
				ENABLE_NS_ASSERTIONS = NO;
				ENABLE_STRICT_OBJC_MSGSEND = YES;
				GCC_C_LANGUAGE_STANDARD = gnu99;
				GCC_NO_COMMON_BLOCKS = YES;
				GCC_WARN_64_TO_32_BIT_CONVERSION = YES;
				GCC_WARN_ABOUT_RETURN_TYPE = YES_ERROR;
				GCC_WARN_UNDECLARED_SELECTOR = YES;
				GCC_WARN_UNINITIALIZED_AUTOS = YES_AGGRESSIVE;
				GCC_WARN_UNUSED_FUNCTION = YES;
				GCC_WARN_UNUSED_VARIABLE = YES;
				IPHONEOS_DEPLOYMENT_TARGET = 10.2;
				MTL_ENABLE_DEBUG_INFO = NO;
				SDKROOT = iphoneos;
				SWIFT_OPTIMIZATION_LEVEL = "-Owholemodule";
				VALIDATE_PRODUCT = YES;
			};
			name = Release;
		};
		190E80601E6D87B700F3029F /* Debug */ = {
			isa = XCBuildConfiguration;
			buildSettings = {
				ASSETCATALOG_COMPILER_APPICON_NAME = AppIcon;
				DEVELOPMENT_TEAM = P4JVA28GY3;
				INFOPLIST_FILE = CustomAlertView/Info.plist;
				IPHONEOS_DEPLOYMENT_TARGET = 8.0;
				LD_RUNPATH_SEARCH_PATHS = "$(inherited) @executable_path/Frameworks";
				PRODUCT_BUNDLE_IDENTIFIER = com.oryx.testapp;
				PRODUCT_NAME = "$(TARGET_NAME)";
				SWIFT_VERSION = 3.0;
			};
			name = Debug;
		};
		190E80611E6D87B700F3029F /* Release */ = {
			isa = XCBuildConfiguration;
			buildSettings = {
				ASSETCATALOG_COMPILER_APPICON_NAME = AppIcon;
				DEVELOPMENT_TEAM = P4JVA28GY3;
				INFOPLIST_FILE = CustomAlertView/Info.plist;
				IPHONEOS_DEPLOYMENT_TARGET = 8.0;
				LD_RUNPATH_SEARCH_PATHS = "$(inherited) @executable_path/Frameworks";
				PRODUCT_BUNDLE_IDENTIFIER = com.oryx.testapp;
				PRODUCT_NAME = "$(TARGET_NAME)";
				SWIFT_VERSION = 3.0;
			};
			name = Release;
		};
/* End XCBuildConfiguration section */

/* Begin XCConfigurationList section */
		190E80481E6D87B700F3029F /* Build configuration list for PBXProject "CustomAlertView" */ = {
			isa = XCConfigurationList;
			buildConfigurations = (
				190E805D1E6D87B700F3029F /* Debug */,
				190E805E1E6D87B700F3029F /* Release */,
			);
			defaultConfigurationIsVisible = 0;
			defaultConfigurationName = Release;
		};
		190E805F1E6D87B700F3029F /* Build configuration list for PBXNativeTarget "CustomAlertView" */ = {
			isa = XCConfigurationList;
			buildConfigurations = (
				190E80601E6D87B700F3029F /* Debug */,
				190E80611E6D87B700F3029F /* Release */,
			);
			defaultConfigurationIsVisible = 0;
		};
/* End XCConfigurationList section */
	};
	rootObject = 190E80451E6D87B700F3029F /* Project object */;
}
