// !$*UTF8*$!
{
	archiveVersion = 1;
	classes = {
	};
	objectVersion = 46;
	objects = {

/* Begin PBXBuildFile section */
		025F8E15671F3A4E6A36CF4F /* Pods_FloatingButtonMenu.framework in Frameworks */ = {isa = PBXBuildFile; fileRef = 9F4FD9DD5C91643F6E76739A /* Pods_FloatingButtonMenu.framework */; };
		190DFC401E977C54007EF669 /* StackViewController.swift in Sources */ = {isa = PBXBuildFile; fileRef = 190DFC3F1E977C54007EF669 /* StackViewController.swift */; };
		191FDAE21E8D3F2D0019B882 /* Onboarding.storyboard in Resources */ = {isa = PBXBuildFile; fileRef = 191FDAE11E8D3F2D0019B882 /* Onboarding.storyboard */; };
		191FDAE41E8D3F860019B882 /* OnboardingPageContentViewController.swift in Sources */ = {isa = PBXBuildFile; fileRef = 191FDAE31E8D3F860019B882 /* OnboardingPageContentViewController.swift */; };
		191FDAE61E8D40F10019B882 /* OnboardingParentViewController.swift in Sources */ = {isa = PBXBuildFile; fileRef = 191FDAE51E8D40F10019B882 /* OnboardingParentViewController.swift */; };
		195178091E9211D200F9BA1A /* OnboardingScrollViewController.swift in Sources */ = {isa = PBXBuildFile; fileRef = 195178081E9211D200F9BA1A /* OnboardingScrollViewController.swift */; };
		1951780C1E9247A800F9BA1A /* OnboardingStoryboard.storyboard in Resources */ = {isa = PBXBuildFile; fileRef = 1951780B1E9247A800F9BA1A /* OnboardingStoryboard.storyboard */; };
		1963C5451E89040300F484D7 /* AppDelegate.swift in Sources */ = {isa = PBXBuildFile; fileRef = 1963C5441E89040300F484D7 /* AppDelegate.swift */; };
		1963C5471E89040300F484D7 /* ViewController.swift in Sources */ = {isa = PBXBuildFile; fileRef = 1963C5461E89040300F484D7 /* ViewController.swift */; };
		1963C54A1E89040300F484D7 /* Main.storyboard in Resources */ = {isa = PBXBuildFile; fileRef = 1963C5481E89040300F484D7 /* Main.storyboard */; };
		1963C54C1E89040300F484D7 /* Assets.xcassets in Resources */ = {isa = PBXBuildFile; fileRef = 1963C54B1E89040300F484D7 /* Assets.xcassets */; };
		1963C54F1E89040300F484D7 /* LaunchScreen.storyboard in Resources */ = {isa = PBXBuildFile; fileRef = 1963C54D1E89040300F484D7 /* LaunchScreen.storyboard */; };
		19E2453C1EAA3230003E7A31 /* ButtonsViewController.swift in Sources */ = {isa = PBXBuildFile; fileRef = 19E2453B1EAA3230003E7A31 /* ButtonsViewController.swift */; };
		19E2453E1EAA3577003E7A31 /* sample.pdf in Resources */ = {isa = PBXBuildFile; fileRef = 19E2453D1EAA3577003E7A31 /* sample.pdf */; };
/* End PBXBuildFile section */

/* Begin PBXFileReference section */
		190DFC3F1E977C54007EF669 /* StackViewController.swift */ = {isa = PBXFileReference; fileEncoding = 4; lastKnownFileType = sourcecode.swift; path = StackViewController.swift; sourceTree = "<group>"; };
		191FDAE11E8D3F2D0019B882 /* Onboarding.storyboard */ = {isa = PBXFileReference; fileEncoding = 4; lastKnownFileType = file.storyboard; path = Onboarding.storyboard; sourceTree = "<group>"; };
		191FDAE31E8D3F860019B882 /* OnboardingPageContentViewController.swift */ = {isa = PBXFileReference; fileEncoding = 4; lastKnownFileType = sourcecode.swift; path = OnboardingPageContentViewController.swift; sourceTree = "<group>"; };
		191FDAE51E8D40F10019B882 /* OnboardingParentViewController.swift */ = {isa = PBXFileReference; fileEncoding = 4; lastKnownFileType = sourcecode.swift; path = OnboardingParentViewController.swift; sourceTree = "<group>"; };
		195178081E9211D200F9BA1A /* OnboardingScrollViewController.swift */ = {isa = PBXFileReference; fileEncoding = 4; lastKnownFileType = sourcecode.swift; name = OnboardingScrollViewController.swift; path = ../OnboardingScrollViewController.swift; sourceTree = "<group>"; };
		1951780B1E9247A800F9BA1A /* OnboardingStoryboard.storyboard */ = {isa = PBXFileReference; fileEncoding = 4; lastKnownFileType = file.storyboard; path = OnboardingStoryboard.storyboard; sourceTree = "<group>"; };
		1963C5411E89040300F484D7 /* FloatingButtonMenu.app */ = {isa = PBXFileReference; explicitFileType = wrapper.application; includeInIndex = 0; path = FloatingButtonMenu.app; sourceTree = BUILT_PRODUCTS_DIR; };
		1963C5441E89040300F484D7 /* AppDelegate.swift */ = {isa = PBXFileReference; lastKnownFileType = sourcecode.swift; path = AppDelegate.swift; sourceTree = "<group>"; };
		1963C5461E89040300F484D7 /* ViewController.swift */ = {isa = PBXFileReference; lastKnownFileType = sourcecode.swift; path = ViewController.swift; sourceTree = "<group>"; };
		1963C5491E89040300F484D7 /* Base */ = {isa = PBXFileReference; lastKnownFileType = file.storyboard; name = Base; path = Base.lproj/Main.storyboard; sourceTree = "<group>"; };
		1963C54B1E89040300F484D7 /* Assets.xcassets */ = {isa = PBXFileReference; lastKnownFileType = folder.assetcatalog; path = Assets.xcassets; sourceTree = "<group>"; };
		1963C54E1E89040300F484D7 /* Base */ = {isa = PBXFileReference; lastKnownFileType = file.storyboard; name = Base; path = Base.lproj/LaunchScreen.storyboard; sourceTree = "<group>"; };
		1963C5501E89040300F484D7 /* Info.plist */ = {isa = PBXFileReference; lastKnownFileType = text.plist.xml; path = Info.plist; sourceTree = "<group>"; };
		19E2453B1EAA3230003E7A31 /* ButtonsViewController.swift */ = {isa = PBXFileReference; fileEncoding = 4; lastKnownFileType = sourcecode.swift; path = ButtonsViewController.swift; sourceTree = "<group>"; };
		19E2453D1EAA3577003E7A31 /* sample.pdf */ = {isa = PBXFileReference; lastKnownFileType = image.pdf; path = sample.pdf; sourceTree = "<group>"; };
		798964D6E1FC67A69C7EF350 /* Pods-FloatingButtonMenu.debug.xcconfig */ = {isa = PBXFileReference; includeInIndex = 1; lastKnownFileType = text.xcconfig; name = "Pods-FloatingButtonMenu.debug.xcconfig"; path = "Pods/Target Support Files/Pods-FloatingButtonMenu/Pods-FloatingButtonMenu.debug.xcconfig"; sourceTree = "<group>"; };
		7E28A43E3B12CB11BE9E5755 /* Pods-FloatingButtonMenu.release.xcconfig */ = {isa = PBXFileReference; includeInIndex = 1; lastKnownFileType = text.xcconfig; name = "Pods-FloatingButtonMenu.release.xcconfig"; path = "Pods/Target Support Files/Pods-FloatingButtonMenu/Pods-FloatingButtonMenu.release.xcconfig"; sourceTree = "<group>"; };
		9F4FD9DD5C91643F6E76739A /* Pods_FloatingButtonMenu.framework */ = {isa = PBXFileReference; explicitFileType = wrapper.framework; includeInIndex = 0; path = Pods_FloatingButtonMenu.framework; sourceTree = BUILT_PRODUCTS_DIR; };
/* End PBXFileReference section */

/* Begin PBXFrameworksBuildPhase section */
		1963C53E1E89040300F484D7 /* Frameworks */ = {
			isa = PBXFrameworksBuildPhase;
			buildActionMask = 2147483647;
			files = (
				025F8E15671F3A4E6A36CF4F /* Pods_FloatingButtonMenu.framework in Frameworks */,
			);
			runOnlyForDeploymentPostprocessing = 0;
		};
/* End PBXFrameworksBuildPhase section */

/* Begin PBXGroup section */
		190DFC411E977D3C007EF669 /* SupportingFiles */ = {
			isa = PBXGroup;
			children = (
				19E2453D1EAA3577003E7A31 /* sample.pdf */,
				1963C5441E89040300F484D7 /* AppDelegate.swift */,
				1963C54B1E89040300F484D7 /* Assets.xcassets */,
				1963C54D1E89040300F484D7 /* LaunchScreen.storyboard */,
				1963C5501E89040300F484D7 /* Info.plist */,
			);
			name = SupportingFiles;
			sourceTree = "<group>";
		};
		190DFC421E977D4D007EF669 /* ViewControllers */ = {
			isa = PBXGroup;
			children = (
				1963C5461E89040300F484D7 /* ViewController.swift */,
				190DFC3F1E977C54007EF669 /* StackViewController.swift */,
				19E2453B1EAA3230003E7A31 /* ButtonsViewController.swift */,
			);
			name = ViewControllers;
			sourceTree = "<group>";
		};
		190DFC431E977E06007EF669 /* Views */ = {
			isa = PBXGroup;
			children = (
			);
			name = Views;
			sourceTree = "<group>";
		};
		191FDAE01E8D3EEB0019B882 /* Onboarding */ = {
			isa = PBXGroup;
			children = (
				191FDAE11E8D3F2D0019B882 /* Onboarding.storyboard */,
				191FDAE31E8D3F860019B882 /* OnboardingPageContentViewController.swift */,
				191FDAE51E8D40F10019B882 /* OnboardingParentViewController.swift */,
			);
			name = Onboarding;
			path = ..;
			sourceTree = "<group>";
		};
		1951780A1E92478A00F9BA1A /* ScrollOnboarding */ = {
			isa = PBXGroup;
			children = (
				1951780B1E9247A800F9BA1A /* OnboardingStoryboard.storyboard */,
				195178081E9211D200F9BA1A /* OnboardingScrollViewController.swift */,
			);
			name = ScrollOnboarding;
			sourceTree = "<group>";
		};
		1963C5381E89040300F484D7 = {
			isa = PBXGroup;
			children = (
				1963C5431E89040300F484D7 /* FloatingButtonMenu */,
				1963C5421E89040300F484D7 /* Products */,
				DC7D6E959514F1FA34182EE0 /* Pods */,
				AD9A09AD358D61B6975E38CB /* Frameworks */,
			);
			sourceTree = "<group>";
		};
		1963C5421E89040300F484D7 /* Products */ = {
			isa = PBXGroup;
			children = (
				1963C5411E89040300F484D7 /* FloatingButtonMenu.app */,
			);
			name = Products;
			sourceTree = "<group>";
		};
		1963C5431E89040300F484D7 /* FloatingButtonMenu */ = {
			isa = PBXGroup;
			children = (
				190DFC431E977E06007EF669 /* Views */,
				1951780A1E92478A00F9BA1A /* ScrollOnboarding */,
				191FDAE01E8D3EEB0019B882 /* Onboarding */,
				190DFC411E977D3C007EF669 /* SupportingFiles */,
				190DFC421E977D4D007EF669 /* ViewControllers */,
				1963C5481E89040300F484D7 /* Main.storyboard */,
			);
			path = FloatingButtonMenu;
			sourceTree = "<group>";
		};
		AD9A09AD358D61B6975E38CB /* Frameworks */ = {
			isa = PBXGroup;
			children = (
				9F4FD9DD5C91643F6E76739A /* Pods_FloatingButtonMenu.framework */,
			);
			name = Frameworks;
			sourceTree = "<group>";
		};
		DC7D6E959514F1FA34182EE0 /* Pods */ = {
			isa = PBXGroup;
			children = (
				798964D6E1FC67A69C7EF350 /* Pods-FloatingButtonMenu.debug.xcconfig */,
				7E28A43E3B12CB11BE9E5755 /* Pods-FloatingButtonMenu.release.xcconfig */,
			);
			name = Pods;
			sourceTree = "<group>";
		};
/* End PBXGroup section */

/* Begin PBXNativeTarget section */
		1963C5401E89040300F484D7 /* FloatingButtonMenu */ = {
			isa = PBXNativeTarget;
			buildConfigurationList = 1963C5531E89040300F484D7 /* Build configuration list for PBXNativeTarget "FloatingButtonMenu" */;
			buildPhases = (
				20BAF1D33615C8AEF6597CD4 /* [CP] Check Pods Manifest.lock */,
				1963C53D1E89040300F484D7 /* Sources */,
				1963C53E1E89040300F484D7 /* Frameworks */,
				1963C53F1E89040300F484D7 /* Resources */,
				B91FA762728475691A86EF3B /* [CP] Embed Pods Frameworks */,
				3D3903D14C3B5D9DBF8814AF /* [CP] Copy Pods Resources */,
			);
			buildRules = (
			);
			dependencies = (
			);
			name = FloatingButtonMenu;
			productName = FloatingButtonMenu;
			productReference = 1963C5411E89040300F484D7 /* FloatingButtonMenu.app */;
			productType = "com.apple.product-type.application";
		};
/* End PBXNativeTarget section */

/* Begin PBXProject section */
		1963C5391E89040300F484D7 /* Project object */ = {
			isa = PBXProject;
			attributes = {
				LastSwiftUpdateCheck = 0820;
				LastUpgradeCheck = 0830;
				ORGANIZATIONNAME = Oryx;
				TargetAttributes = {
					1963C5401E89040300F484D7 = {
						CreatedOnToolsVersion = 8.2.1;
						DevelopmentTeam = P4JVA28GY3;
						ProvisioningStyle = Automatic;
					};
				};
			};
			buildConfigurationList = 1963C53C1E89040300F484D7 /* Build configuration list for PBXProject "FloatingButtonMenu" */;
			compatibilityVersion = "Xcode 3.2";
			developmentRegion = English;
			hasScannedForEncodings = 0;
			knownRegions = (
				en,
				Base,
			);
			mainGroup = 1963C5381E89040300F484D7;
			productRefGroup = 1963C5421E89040300F484D7 /* Products */;
			projectDirPath = "";
			projectRoot = "";
			targets = (
				1963C5401E89040300F484D7 /* FloatingButtonMenu */,
			);
		};
/* End PBXProject section */

/* Begin PBXResourcesBuildPhase section */
		1963C53F1E89040300F484D7 /* Resources */ = {
			isa = PBXResourcesBuildPhase;
			buildActionMask = 2147483647;
			files = (
				1963C54F1E89040300F484D7 /* LaunchScreen.storyboard in Resources */,
				1951780C1E9247A800F9BA1A /* OnboardingStoryboard.storyboard in Resources */,
				19E2453E1EAA3577003E7A31 /* sample.pdf in Resources */,
				1963C54C1E89040300F484D7 /* Assets.xcassets in Resources */,
				1963C54A1E89040300F484D7 /* Main.storyboard in Resources */,
				191FDAE21E8D3F2D0019B882 /* Onboarding.storyboard in Resources */,
			);
			runOnlyForDeploymentPostprocessing = 0;
		};
/* End PBXResourcesBuildPhase section */

/* Begin PBXShellScriptBuildPhase section */
		20BAF1D33615C8AEF6597CD4 /* [CP] Check Pods Manifest.lock */ = {
			isa = PBXShellScriptBuildPhase;
			buildActionMask = 2147483647;
			files = (
			);
			inputPaths = (
			);
			name = "[CP] Check Pods Manifest.lock";
			outputPaths = (
			);
			runOnlyForDeploymentPostprocessing = 0;
			shellPath = /bin/sh;
			shellScript = "diff \"${PODS_ROOT}/../Podfile.lock\" \"${PODS_ROOT}/Manifest.lock\" > /dev/null\nif [ $? != 0 ] ; then\n    # print error to STDERR\n    echo \"error: The sandbox is not in sync with the Podfile.lock. Run 'pod install' or update your CocoaPods installation.\" >&2\n    exit 1\nfi\n";
			showEnvVarsInLog = 0;
		};
		3D3903D14C3B5D9DBF8814AF /* [CP] Copy Pods Resources */ = {
			isa = PBXShellScriptBuildPhase;
			buildActionMask = 2147483647;
			files = (
			);
			inputPaths = (
			);
			name = "[CP] Copy Pods Resources";
			outputPaths = (
			);
			runOnlyForDeploymentPostprocessing = 0;
			shellPath = /bin/sh;
			shellScript = "\"${SRCROOT}/Pods/Target Support Files/Pods-FloatingButtonMenu/Pods-FloatingButtonMenu-resources.sh\"\n";
			showEnvVarsInLog = 0;
		};
		B91FA762728475691A86EF3B /* [CP] Embed Pods Frameworks */ = {
			isa = PBXShellScriptBuildPhase;
			buildActionMask = 2147483647;
			files = (
			);
			inputPaths = (
			);
			name = "[CP] Embed Pods Frameworks";
			outputPaths = (
			);
			runOnlyForDeploymentPostprocessing = 0;
			shellPath = /bin/sh;
			shellScript = "\"${SRCROOT}/Pods/Target Support Files/Pods-FloatingButtonMenu/Pods-FloatingButtonMenu-frameworks.sh\"\n";
			showEnvVarsInLog = 0;
		};
/* End PBXShellScriptBuildPhase section */

/* Begin PBXSourcesBuildPhase section */
		1963C53D1E89040300F484D7 /* Sources */ = {
			isa = PBXSourcesBuildPhase;
			buildActionMask = 2147483647;
			files = (
				191FDAE41E8D3F860019B882 /* OnboardingPageContentViewController.swift in Sources */,
				1963C5471E89040300F484D7 /* ViewController.swift in Sources */,
				1963C5451E89040300F484D7 /* AppDelegate.swift in Sources */,
				190DFC401E977C54007EF669 /* StackViewController.swift in Sources */,
				19E2453C1EAA3230003E7A31 /* ButtonsViewController.swift in Sources */,
				191FDAE61E8D40F10019B882 /* OnboardingParentViewController.swift in Sources */,
				195178091E9211D200F9BA1A /* OnboardingScrollViewController.swift in Sources */,
			);
			runOnlyForDeploymentPostprocessing = 0;
		};
/* End PBXSourcesBuildPhase section */

/* Begin PBXVariantGroup section */
		1963C5481E89040300F484D7 /* Main.storyboard */ = {
			isa = PBXVariantGroup;
			children = (
				1963C5491E89040300F484D7 /* Base */,
			);
			name = Main.storyboard;
			sourceTree = "<group>";
		};
		1963C54D1E89040300F484D7 /* LaunchScreen.storyboard */ = {
			isa = PBXVariantGroup;
			children = (
				1963C54E1E89040300F484D7 /* Base */,
			);
			name = LaunchScreen.storyboard;
			sourceTree = "<group>";
		};
/* End PBXVariantGroup section */

/* Begin XCBuildConfiguration section */
		1963C5511E89040300F484D7 /* Debug */ = {
			isa = XCBuildConfiguration;
			buildSettings = {
				ALWAYS_SEARCH_USER_PATHS = NO;
				CLANG_ANALYZER_NONNULL = YES;
				CLANG_CXX_LANGUAGE_STANDARD = "gnu++0x";
				CLANG_CXX_LIBRARY = "libc++";
				CLANG_ENABLE_MODULES = YES;
				CLANG_ENABLE_OBJC_ARC = YES;
				CLANG_WARN_BOOL_CONVERSION = YES;
				CLANG_WARN_CONSTANT_CONVERSION = YES;
				CLANG_WARN_DIRECT_OBJC_ISA_USAGE = YES_ERROR;
				CLANG_WARN_DOCUMENTATION_COMMENTS = YES;
				CLANG_WARN_EMPTY_BODY = YES;
				CLANG_WARN_ENUM_CONVERSION = YES;
				CLANG_WARN_INFINITE_RECURSION = YES;
				CLANG_WARN_INT_CONVERSION = YES;
				CLANG_WARN_OBJC_ROOT_CLASS = YES_ERROR;
				CLANG_WARN_SUSPICIOUS_MOVE = YES;
				CLANG_WARN_UNREACHABLE_CODE = YES;
				CLANG_WARN__DUPLICATE_METHOD_MATCH = YES;
				"CODE_SIGN_IDENTITY[sdk=iphoneos*]" = "iPhone Developer";
				COPY_PHASE_STRIP = NO;
				DEBUG_INFORMATION_FORMAT = dwarf;
				ENABLE_STRICT_OBJC_MSGSEND = YES;
				ENABLE_TESTABILITY = YES;
				GCC_C_LANGUAGE_STANDARD = gnu99;
				GCC_DYNAMIC_NO_PIC = NO;
				GCC_NO_COMMON_BLOCKS = YES;
				GCC_OPTIMIZATION_LEVEL = 0;
				GCC_PREPROCESSOR_DEFINITIONS = (
					"DEBUG=1",
					"$(inherited)",
				);
				GCC_WARN_64_TO_32_BIT_CONVERSION = YES;
				GCC_WARN_ABOUT_RETURN_TYPE = YES_ERROR;
				GCC_WARN_UNDECLARED_SELECTOR = YES;
				GCC_WARN_UNINITIALIZED_AUTOS = YES_AGGRESSIVE;
				GCC_WARN_UNUSED_FUNCTION = YES;
				GCC_WARN_UNUSED_VARIABLE = YES;
				IPHONEOS_DEPLOYMENT_TARGET = 10.2;
				MTL_ENABLE_DEBUG_INFO = YES;
				ONLY_ACTIVE_ARCH = YES;
				SDKROOT = iphoneos;
				SWIFT_ACTIVE_COMPILATION_CONDITIONS = DEBUG;
				SWIFT_OPTIMIZATION_LEVEL = "-Onone";
			};
			name = Debug;
		};
		1963C5521E89040300F484D7 /* Release */ = {
			isa = XCBuildConfiguration;
			buildSettings = {
				ALWAYS_SEARCH_USER_PATHS = NO;
				CLANG_ANALYZER_NONNULL = YES;
				CLANG_CXX_LANGUAGE_STANDARD = "gnu++0x";
				CLANG_CXX_LIBRARY = "libc++";
				CLANG_ENABLE_MODULES = YES;
				CLANG_ENABLE_OBJC_ARC = YES;
				CLANG_WARN_BOOL_CONVERSION = YES;
				CLANG_WARN_CONSTANT_CONVERSION = YES;
				CLANG_WARN_DIRECT_OBJC_ISA_USAGE = YES_ERROR;
				CLANG_WARN_DOCUMENTATION_COMMENTS = YES;
				CLANG_WARN_EMPTY_BODY = YES;
				CLANG_WARN_ENUM_CONVERSION = YES;
				CLANG_WARN_INFINITE_RECURSION = YES;
				CLANG_WARN_INT_CONVERSION = YES;
				CLANG_WARN_OBJC_ROOT_CLASS = YES_ERROR;
				CLANG_WARN_SUSPICIOUS_MOVE = YES;
				CLANG_WARN_UNREACHABLE_CODE = YES;
				CLANG_WARN__DUPLICATE_METHOD_MATCH = YES;
				"CODE_SIGN_IDENTITY[sdk=iphoneos*]" = "iPhone Developer";
				COPY_PHASE_STRIP = NO;
				DEBUG_INFORMATION_FORMAT = "dwarf-with-dsym";
				ENABLE_NS_ASSERTIONS = NO;
				ENABLE_STRICT_OBJC_MSGSEND = YES;
				GCC_C_LANGUAGE_STANDARD = gnu99;
				GCC_NO_COMMON_BLOCKS = YES;
				GCC_WARN_64_TO_32_BIT_CONVERSION = YES;
				GCC_WARN_ABOUT_RETURN_TYPE = YES_ERROR;
				GCC_WARN_UNDECLARED_SELECTOR = YES;
				GCC_WARN_UNINITIALIZED_AUTOS = YES_AGGRESSIVE;
				GCC_WARN_UNUSED_FUNCTION = YES;
				GCC_WARN_UNUSED_VARIABLE = YES;
				IPHONEOS_DEPLOYMENT_TARGET = 10.2;
				MTL_ENABLE_DEBUG_INFO = NO;
				SDKROOT = iphoneos;
				SWIFT_OPTIMIZATION_LEVEL = "-Owholemodule";
				VALIDATE_PRODUCT = YES;
			};
			name = Release;
		};
		1963C5541E89040300F484D7 /* Debug */ = {
			isa = XCBuildConfiguration;
			baseConfigurationReference = 798964D6E1FC67A69C7EF350 /* Pods-FloatingButtonMenu.debug.xcconfig */;
			buildSettings = {
				ALWAYS_EMBED_SWIFT_STANDARD_LIBRARIES = YES;
				ASSETCATALOG_COMPILER_APPICON_NAME = AppIcon;
				DEVELOPMENT_TEAM = P4JVA28GY3;
				INFOPLIST_FILE = FloatingButtonMenu/Info.plist;
				IPHONEOS_DEPLOYMENT_TARGET = 9.0;
				LD_RUNPATH_SEARCH_PATHS = "$(inherited) @executable_path/Frameworks";
				PRODUCT_BUNDLE_IDENTIFIER = com.oryx.testapp;
				PRODUCT_NAME = "$(TARGET_NAME)";
				SWIFT_VERSION = 3.0;
				TARGETED_DEVICE_FAMILY = "1,2";
			};
			name = Debug;
		};
		1963C5551E89040300F484D7 /* Release */ = {
			isa = XCBuildConfiguration;
			baseConfigurationReference = 7E28A43E3B12CB11BE9E5755 /* Pods-FloatingButtonMenu.release.xcconfig */;
			buildSettings = {
				ALWAYS_EMBED_SWIFT_STANDARD_LIBRARIES = YES;
				ASSETCATALOG_COMPILER_APPICON_NAME = AppIcon;
				DEVELOPMENT_TEAM = P4JVA28GY3;
				INFOPLIST_FILE = FloatingButtonMenu/Info.plist;
				IPHONEOS_DEPLOYMENT_TARGET = 9.0;
				LD_RUNPATH_SEARCH_PATHS = "$(inherited) @executable_path/Frameworks";
				PRODUCT_BUNDLE_IDENTIFIER = com.oryx.testapp;
				PRODUCT_NAME = "$(TARGET_NAME)";
				SWIFT_VERSION = 3.0;
				TARGETED_DEVICE_FAMILY = "1,2";
			};
			name = Release;
		};
/* End XCBuildConfiguration section */

/* Begin XCConfigurationList section */
		1963C53C1E89040300F484D7 /* Build configuration list for PBXProject "FloatingButtonMenu" */ = {
			isa = XCConfigurationList;
			buildConfigurations = (
				1963C5511E89040300F484D7 /* Debug */,
				1963C5521E89040300F484D7 /* Release */,
			);
			defaultConfigurationIsVisible = 0;
			defaultConfigurationName = Release;
		};
		1963C5531E89040300F484D7 /* Build configuration list for PBXNativeTarget "FloatingButtonMenu" */ = {
			isa = XCConfigurationList;
			buildConfigurations = (
				1963C5541E89040300F484D7 /* Debug */,
				1963C5551E89040300F484D7 /* Release */,
			);
			defaultConfigurationIsVisible = 0;
			defaultConfigurationName = Release;
		};
/* End XCConfigurationList section */
	};
	rootObject = 1963C5391E89040300F484D7 /* Project object */;
}
